
Microsoft Visual Studio Solution File, Format Version 12.00
# Visual Studio 14
VisualStudioVersion = 14.0.24720.0
MinimumVisualStudioVersion = 10.0.40219.1
Project("{FAE04EC0-301F-11D3-BF4B-00C04F79EFBC}") = "LamestWebserver", "LamestWebserver\LamestWebserver.csproj", "{2E0E1F99-3DE7-4636-9E18-93E5CB837965}"
EndProject
Project("{FAE04EC0-301F-11D3-BF4B-00C04F79EFBC}") = "LamestScriptHook", "LamestScriptHook\LamestScriptHook.csproj", "{19444577-4658-42F7-AE68-DEC992C89E4E}"
EndProject
Project("{FAE04EC0-301F-11D3-BF4B-00C04F79EFBC}") = "LameNetHook", "LameNetHook\LameNetHook.csproj", "{83DE098B-47E1-4A8D-AD69-1B17286C5657}"
EndProject
Project("{FAE04EC0-301F-11D3-BF4B-00C04F79EFBC}") = "Demos", "AdminTools\Demos.csproj", "{5F05A28F-82E7-454B-B974-2A45251B504E}"
EndProject
Global
	GlobalSection(SolutionConfigurationPlatforms) = preSolution
		Debug|Any CPU = Debug|Any CPU
		Release|Any CPU = Release|Any CPU
	EndGlobalSection
	GlobalSection(ProjectConfigurationPlatforms) = postSolution
		{2E0E1F99-3DE7-4636-9E18-93E5CB837965}.Debug|Any CPU.ActiveCfg = Debug|Any CPU
		{2E0E1F99-3DE7-4636-9E18-93E5CB837965}.Debug|Any CPU.Build.0 = Debug|Any CPU
		{2E0E1F99-3DE7-4636-9E18-93E5CB837965}.Release|Any CPU.ActiveCfg = Release|Any CPU
		{2E0E1F99-3DE7-4636-9E18-93E5CB837965}.Release|Any CPU.Build.0 = Release|Any CPU
		{19444577-4658-42F7-AE68-DEC992C89E4E}.Debug|Any CPU.ActiveCfg = Debug|Any CPU
		{19444577-4658-42F7-AE68-DEC992C89E4E}.Debug|Any CPU.Build.0 = Debug|Any CPU
		{19444577-4658-42F7-AE68-DEC992C89E4E}.Release|Any CPU.ActiveCfg = Release|Any CPU
		{19444577-4658-42F7-AE68-DEC992C89E4E}.Release|Any CPU.Build.0 = Release|Any CPU
		{83DE098B-47E1-4A8D-AD69-1B17286C5657}.Debug|Any CPU.ActiveCfg = Debug|Any CPU
		{83DE098B-47E1-4A8D-AD69-1B17286C5657}.Debug|Any CPU.Build.0 = Debug|Any CPU
		{83DE098B-47E1-4A8D-AD69-1B17286C5657}.Release|Any CPU.ActiveCfg = Release|Any CPU
		{83DE098B-47E1-4A8D-AD69-1B17286C5657}.Release|Any CPU.Build.0 = Release|Any CPU
		{5F05A28F-82E7-454B-B974-2A45251B504E}.Debug|Any CPU.ActiveCfg = Debug|Any CPU
		{5F05A28F-82E7-454B-B974-2A45251B504E}.Debug|Any CPU.Build.0 = Debug|Any CPU
		{5F05A28F-82E7-454B-B974-2A45251B504E}.Release|Any CPU.ActiveCfg = Release|Any CPU
		{5F05A28F-82E7-454B-B974-2A45251B504E}.Release|Any CPU.Build.0 = Release|Any CPU
	EndGlobalSection
	GlobalSection(SolutionProperties) = preSolution
		HideSolutionNode = FALSE
	EndGlobalSection
EndGlobal
